
Microsoft Visual Studio Solution File, Format Version 12.00
# Visual Studio Version 16
VisualStudioVersion = 16.0.29926.136
MinimumVisualStudioVersion = 10.0.40219.1
Project("{9A19103F-16F7-4668-BE54-9A1E7A4F7556}") = "Ahao.ZGPoetry", "Ahao.ZGPoetry\Ahao.ZGPoetry.csproj", "{EE7C9D90-0758-4F0B-9613-02D4A0AA11A4}"
EndProject
Project("{9A19103F-16F7-4668-BE54-9A1E7A4F7556}") = "Ahao.ZGPoetry.Model", "Ahao.ZGPoetry.Model\Ahao.ZGPoetry.Model.csproj", "{00EB6C05-F5F3-45AA-9455-B0325F9BCB6D}"
EndProject
Project("{9A19103F-16F7-4668-BE54-9A1E7A4F7556}") = "Ahao.ZGPoetry.Common", "Ahao.ZGPoetry.Common\Ahao.ZGPoetry.Common.csproj", "{230AB57F-6D47-4160-BF41-6CCD681CF512}"
EndProject
Project("{9A19103F-16F7-4668-BE54-9A1E7A4F7556}") = "Ahao.ZGPoetry.Service", "Ahao.ZGPoetry.Service\Ahao.ZGPoetry.Service.csproj", "{4F326385-AD7D-4C3A-AFC6-FDE7447BF6B4}"
EndProject
Project("{9A19103F-16F7-4668-BE54-9A1E7A4F7556}") = "Ahao.ZGPoetry.IService", "Ahao.ZGPoetry.IService\Ahao.ZGPoetry.IService.csproj", "{45ED243D-62FC-425B-96A8-D9F57C5CD7D2}"
EndProject
Project("{FAE04EC0-301F-11D3-BF4B-00C04F79EFBC}") = "Ahao.ZGPoetry.IRepository", "Ahao.ZGPoetry.IRepository\Ahao.ZGPoetry.IRepository.csproj", "{0B77FA2F-88FC-4DD8-9557-94B71232B8B1}"
EndProject
Project("{FAE04EC0-301F-11D3-BF4B-00C04F79EFBC}") = "Ahao.ZGPoetry.Repository", "Ahao.ZGPoetry.Repository\Ahao.ZGPoetry.Repository.csproj", "{29FA2E5B-782B-44C7-BD07-2A9913335D8D}"
EndProject
Global
	GlobalSection(SolutionConfigurationPlatforms) = preSolution
		Debug|Any CPU = Debug|Any CPU
		Release|Any CPU = Release|Any CPU
	EndGlobalSection
	GlobalSection(ProjectConfigurationPlatforms) = postSolution
		{EE7C9D90-0758-4F0B-9613-02D4A0AA11A4}.Debug|Any CPU.ActiveCfg = Debug|Any CPU
		{EE7C9D90-0758-4F0B-9613-02D4A0AA11A4}.Debug|Any CPU.Build.0 = Debug|Any CPU
		{EE7C9D90-0758-4F0B-9613-02D4A0AA11A4}.Release|Any CPU.ActiveCfg = Release|Any CPU
		{EE7C9D90-0758-4F0B-9613-02D4A0AA11A4}.Release|Any CPU.Build.0 = Release|Any CPU
		{00EB6C05-F5F3-45AA-9455-B0325F9BCB6D}.Debug|Any CPU.ActiveCfg = Debug|Any CPU
		{00EB6C05-F5F3-45AA-9455-B0325F9BCB6D}.Debug|Any CPU.Build.0 = Debug|Any CPU
		{00EB6C05-F5F3-45AA-9455-B0325F9BCB6D}.Release|Any CPU.ActiveCfg = Release|Any CPU
		{00EB6C05-F5F3-45AA-9455-B0325F9BCB6D}.Release|Any CPU.Build.0 = Release|Any CPU
		{230AB57F-6D47-4160-BF41-6CCD681CF512}.Debug|Any CPU.ActiveCfg = Debug|Any CPU
		{230AB57F-6D47-4160-BF41-6CCD681CF512}.Debug|Any CPU.Build.0 = Debug|Any CPU
		{230AB57F-6D47-4160-BF41-6CCD681CF512}.Release|Any CPU.ActiveCfg = Release|Any CPU
		{230AB57F-6D47-4160-BF41-6CCD681CF512}.Release|Any CPU.Build.0 = Release|Any CPU
		{4F326385-AD7D-4C3A-AFC6-FDE7447BF6B4}.Debug|Any CPU.ActiveCfg = Debug|Any CPU
		{4F326385-AD7D-4C3A-AFC6-FDE7447BF6B4}.Debug|Any CPU.Build.0 = Debug|Any CPU
		{4F326385-AD7D-4C3A-AFC6-FDE7447BF6B4}.Release|Any CPU.ActiveCfg = Release|Any CPU
		{4F326385-AD7D-4C3A-AFC6-FDE7447BF6B4}.Release|Any CPU.Build.0 = Release|Any CPU
		{45ED243D-62FC-425B-96A8-D9F57C5CD7D2}.Debug|Any CPU.ActiveCfg = Debug|Any CPU
		{45ED243D-62FC-425B-96A8-D9F57C5CD7D2}.Debug|Any CPU.Build.0 = Debug|Any CPU
		{45ED243D-62FC-425B-96A8-D9F57C5CD7D2}.Release|Any CPU.ActiveCfg = Release|Any CPU
		{45ED243D-62FC-425B-96A8-D9F57C5CD7D2}.Release|Any CPU.Build.0 = Release|Any CPU
		{0B77FA2F-88FC-4DD8-9557-94B71232B8B1}.Debug|Any CPU.ActiveCfg = Debug|Any CPU
		{0B77FA2F-88FC-4DD8-9557-94B71232B8B1}.Debug|Any CPU.Build.0 = Debug|Any CPU
		{0B77FA2F-88FC-4DD8-9557-94B71232B8B1}.Release|Any CPU.ActiveCfg = Release|Any CPU
		{0B77FA2F-88FC-4DD8-9557-94B71232B8B1}.Release|Any CPU.Build.0 = Release|Any CPU
		{29FA2E5B-782B-44C7-BD07-2A9913335D8D}.Debug|Any CPU.ActiveCfg = Debug|Any CPU
		{29FA2E5B-782B-44C7-BD07-2A9913335D8D}.Debug|Any CPU.Build.0 = Debug|Any CPU
		{29FA2E5B-782B-44C7-BD07-2A9913335D8D}.Release|Any CPU.ActiveCfg = Release|Any CPU
		{29FA2E5B-782B-44C7-BD07-2A9913335D8D}.Release|Any CPU.Build.0 = Release|Any CPU
	EndGlobalSection
	GlobalSection(SolutionProperties) = preSolution
		HideSolutionNode = FALSE
	EndGlobalSection
	GlobalSection(ExtensibilityGlobals) = postSolution
		SolutionGuid = {2574817E-500B-4603-A5DF-058E4CA2DE10}
	EndGlobalSection
EndGlobal
